
Microsoft Visual Studio Solution File, Format Version 12.00
# Visual Studio 15
Project("{FAE04EC0-301F-11D3-BF4B-00C04F79EFBC}") = "AutoFake", "AutoFake\AutoFake.csproj", "{68362493-6999-4775-BEF7-D5AC40926C8D}"
EndProject
Global
	GlobalSection(SolutionConfigurationPlatforms) = preSolution
		Debug|Any CPU = Debug|Any CPU
		Release|Any CPU = Release|Any CPU
	EndGlobalSection
	GlobalSection(ProjectConfigurationPlatforms) = postSolution
		{68362493-6999-4775-BEF7-D5AC40926C8D}.Debug|Any CPU.ActiveCfg = Debug|Any CPU
		{68362493-6999-4775-BEF7-D5AC40926C8D}.Debug|Any CPU.Build.0 = Debug|Any CPU
		{68362493-6999-4775-BEF7-D5AC40926C8D}.Release|Any CPU.ActiveCfg = Release|Any CPU
		{68362493-6999-4775-BEF7-D5AC40926C8D}.Release|Any CPU.Build.0 = Release|Any CPU
	EndGlobalSection
EndGlobal
